
Microsoft Visual Studio Solution File, Format Version 12.00
# Visual Studio 15
VisualStudioVersion = 15.0.27703.2026
MinimumVisualStudioVersion = 10.0.40219.1
Project("{FAE04EC0-301F-11D3-BF4B-00C04F79EFBC}") = "Projeto-teste", "Projeto-teste\Projeto-teste.csproj", "{BDB4CA6D-3F5F-4E04-8D54-97BC63C158AD}"
EndProject
Global
	GlobalSection(SolutionConfigurationPlatforms) = preSolution
		Debug|Any CPU = Debug|Any CPU
		Release|Any CPU = Release|Any CPU
	EndGlobalSection
	GlobalSection(ProjectConfigurationPlatforms) = postSolution
		{BDB4CA6D-3F5F-4E04-8D54-97BC63C158AD}.Debug|Any CPU.ActiveCfg = Debug|Any CPU
		{BDB4CA6D-3F5F-4E04-8D54-97BC63C158AD}.Debug|Any CPU.Build.0 = Debug|Any CPU
		{BDB4CA6D-3F5F-4E04-8D54-97BC63C158AD}.Release|Any CPU.ActiveCfg = Release|Any CPU
		{BDB4CA6D-3F5F-4E04-8D54-97BC63C158AD}.Release|Any CPU.Build.0 = Release|Any CPU
	EndGlobalSection
	GlobalSection(SolutionProperties) = preSolution
		HideSolutionNode = FALSE
	EndGlobalSection
	GlobalSection(ExtensibilityGlobals) = postSolution
		SolutionGuid = {A30150BE-334D-47DE-A362-CF0235235902}
	EndGlobalSection
EndGlobal
